
Microsoft Visual Studio Solution File, Format Version 12.00
# Visual Studio 15
VisualStudioVersion = 15.0.28307.438
MinimumVisualStudioVersion = 10.0.40219.1
Project("{9A19103F-16F7-4668-BE54-9A1E7A4F7556}") = "CsprojParser.Tests", "src\CsprojParser.Tests\CsprojParser.Tests.csproj", "{79D9171D-2A17-4E53-BD77-0A9D3D933D3C}"
EndProject
Project("{9A19103F-16F7-4668-BE54-9A1E7A4F7556}") = "CsprojParser", "src\CsprojParser\CsprojParser.csproj", "{5929D58D-8607-4D26-92CD-8010639EC79B}"
EndProject
Global
	GlobalSection(SolutionConfigurationPlatforms) = preSolution
		Debug|Any CPU = Debug|Any CPU
		Release|Any CPU = Release|Any CPU
	EndGlobalSection
	GlobalSection(ProjectConfigurationPlatforms) = postSolution
		{79D9171D-2A17-4E53-BD77-0A9D3D933D3C}.Debug|Any CPU.ActiveCfg = Debug|Any CPU
		{79D9171D-2A17-4E53-BD77-0A9D3D933D3C}.Debug|Any CPU.Build.0 = Debug|Any CPU
		{79D9171D-2A17-4E53-BD77-0A9D3D933D3C}.Release|Any CPU.ActiveCfg = Release|Any CPU
		{79D9171D-2A17-4E53-BD77-0A9D3D933D3C}.Release|Any CPU.Build.0 = Release|Any CPU
		{5929D58D-8607-4D26-92CD-8010639EC79B}.Debug|Any CPU.ActiveCfg = Debug|Any CPU
		{5929D58D-8607-4D26-92CD-8010639EC79B}.Debug|Any CPU.Build.0 = Debug|Any CPU
		{5929D58D-8607-4D26-92CD-8010639EC79B}.Release|Any CPU.ActiveCfg = Release|Any CPU
		{5929D58D-8607-4D26-92CD-8010639EC79B}.Release|Any CPU.Build.0 = Release|Any CPU
	EndGlobalSection
	GlobalSection(SolutionProperties) = preSolution
		HideSolutionNode = FALSE
	EndGlobalSection
	GlobalSection(ExtensibilityGlobals) = postSolution
		SolutionGuid = {26C475D1-EA47-4CC8-9DB6-8DB2EA71D60D}
	EndGlobalSection
EndGlobal
